{
  "requires": true,
  "lockfileVersion": 1,
  "dependencies": {
    "python-shell": {
      "version": "1.0.7",
      "resolved": "https://registry.npmjs.org/python-shell/-/python-shell-1.0.7.tgz",
      "integrity": "sha512-k6s27Uj5WEAxFLRKLFUvlDCm1GpkmAQ4vg9CASgqwbHqAM1d1x3nh3bzlBKgmRwNDeLlu0DP41CqwRZn1DKtuA=="
    }
  }
}
